
Microsoft Visual Studio Solution File, Format Version 12.00
# Visual Studio Version 16
VisualStudioVersion = 16.0.30804.86
MinimumVisualStudioVersion = 10.0.40219.1
Project("{FAE04EC0-301F-11D3-BF4B-00C04F79EFBC}") = "ProyectoAuditoria", "ProyectoAuditoria\ProyectoAuditoria.csproj", "{101D9ADE-BD45-44E4-815D-880BEB9070D7}"
EndProject
Global
	GlobalSection(SolutionConfigurationPlatforms) = preSolution
		Debug|Any CPU = Debug|Any CPU
		Release|Any CPU = Release|Any CPU
	EndGlobalSection
	GlobalSection(ProjectConfigurationPlatforms) = postSolution
		{101D9ADE-BD45-44E4-815D-880BEB9070D7}.Debug|Any CPU.ActiveCfg = Debug|Any CPU
		{101D9ADE-BD45-44E4-815D-880BEB9070D7}.Debug|Any CPU.Build.0 = Debug|Any CPU
		{101D9ADE-BD45-44E4-815D-880BEB9070D7}.Release|Any CPU.ActiveCfg = Release|Any CPU
		{101D9ADE-BD45-44E4-815D-880BEB9070D7}.Release|Any CPU.Build.0 = Release|Any CPU
	EndGlobalSection
	GlobalSection(SolutionProperties) = preSolution
		HideSolutionNode = FALSE
	EndGlobalSection
	GlobalSection(ExtensibilityGlobals) = postSolution
		SolutionGuid = {361FD8EC-DE98-45AC-A839-3132CC75D11C}
	EndGlobalSection
EndGlobal
